
Microsoft Visual Studio Solution File, Format Version 12.00
# Visual Studio Version 17
VisualStudioVersion = 17.5.002.0
MinimumVisualStudioVersion = 10.0.40219.1
Project("{9A19103F-16F7-4668-BE54-9A1E7A4F7556}") = "Task5", "Task5.csproj", "{996486D6-788D-41C1-9D79-4D217D9BDC53}"
EndProject
Global
	GlobalSection(SolutionConfigurationPlatforms) = preSolution
		Debug|Any CPU = Debug|Any CPU
		Release|Any CPU = Release|Any CPU
	EndGlobalSection
	GlobalSection(ProjectConfigurationPlatforms) = postSolution
		{996486D6-788D-41C1-9D79-4D217D9BDC53}.Debug|Any CPU.ActiveCfg = Debug|Any CPU
		{996486D6-788D-41C1-9D79-4D217D9BDC53}.Debug|Any CPU.Build.0 = Debug|Any CPU
		{996486D6-788D-41C1-9D79-4D217D9BDC53}.Release|Any CPU.ActiveCfg = Release|Any CPU
		{996486D6-788D-41C1-9D79-4D217D9BDC53}.Release|Any CPU.Build.0 = Release|Any CPU
	EndGlobalSection
	GlobalSection(SolutionProperties) = preSolution
		HideSolutionNode = FALSE
	EndGlobalSection
	GlobalSection(ExtensibilityGlobals) = postSolution
		SolutionGuid = {9113834B-3094-4A2A-A531-142D11A9C659}
	EndGlobalSection
EndGlobal
